
Microsoft Visual Studio Solution File, Format Version 12.00
# Visual Studio 15
VisualStudioVersion = 15.0.28307.852
MinimumVisualStudioVersion = 10.0.40219.1
Project("{9A19103F-16F7-4668-BE54-9A1E7A4F7556}") = "AP", "AP\AP.csproj", "{2BF518A6-58FD-4C75-A8FC-ADE30A7CA47E}"
EndProject
Project("{2150E333-8FDC-42A3-9474-1A3956D46DE8}") = "01.Core", "01.Core", "{9BFE9EAB-71A1-46D1-A7E5-1BECB850B1B3}"
EndProject
Project("{2150E333-8FDC-42A3-9474-1A3956D46DE8}") = "02.Presentation", "02.Presentation", "{345E7251-56AC-44A0-9B7D-EFAC97388BA8}"
EndProject
Project("{FAE04EC0-301F-11D3-BF4B-00C04F79EFBC}") = "AP.Core", "AP.Core\AP.Core.csproj", "{C8E004F6-3D7E-4350-BA18-90E5A7E5C993}"
EndProject
Project("{2150E333-8FDC-42A3-9474-1A3956D46DE8}") = "Applications", "Applications", "{13BBDCAC-6536-4DEC-94F0-167D389429D9}"
EndProject
Project("{FAE04EC0-301F-11D3-BF4B-00C04F79EFBC}") = "AP.Application", "AP.Application\AP.Application.csproj", "{34C5C846-F7A0-4EBF-8257-A17838593BE1}"
EndProject
Project("{2150E333-8FDC-42A3-9474-1A3956D46DE8}") = "Infrastructures", "Infrastructures", "{32F6C6BC-8BD6-4EF3-9BE1-8DCB65FB2432}"
EndProject
Project("{FAE04EC0-301F-11D3-BF4B-00C04F79EFBC}") = "AP.Data.Postgres", "AP.Data.Postgres\AP.Data.Postgres.csproj", "{4AD0CB36-F9A8-4463-BBCA-F4CBA25DABAA}"
EndProject
Project("{FAE04EC0-301F-11D3-BF4B-00C04F79EFBC}") = "AP.Data.ElasticSearch", "AP.Data.ElasticSearch\AP.Data.ElasticSearch.csproj", "{AA6230DA-CA24-4CDE-B44E-05D8D847A162}"
EndProject
Project("{FAE04EC0-301F-11D3-BF4B-00C04F79EFBC}") = "AP.Infrastructure", "AP.Infrastructure\AP.Infrastructure.csproj", "{9C35D361-3636-4AAF-952F-5991A669275A}"
EndProject
Global
	GlobalSection(SolutionConfigurationPlatforms) = preSolution
		Debug|Any CPU = Debug|Any CPU
		Release|Any CPU = Release|Any CPU
	EndGlobalSection
	GlobalSection(ProjectConfigurationPlatforms) = postSolution
		{2BF518A6-58FD-4C75-A8FC-ADE30A7CA47E}.Debug|Any CPU.ActiveCfg = Debug|Any CPU
		{2BF518A6-58FD-4C75-A8FC-ADE30A7CA47E}.Debug|Any CPU.Build.0 = Debug|Any CPU
		{2BF518A6-58FD-4C75-A8FC-ADE30A7CA47E}.Release|Any CPU.ActiveCfg = Release|Any CPU
		{2BF518A6-58FD-4C75-A8FC-ADE30A7CA47E}.Release|Any CPU.Build.0 = Release|Any CPU
		{C8E004F6-3D7E-4350-BA18-90E5A7E5C993}.Debug|Any CPU.ActiveCfg = Debug|Any CPU
		{C8E004F6-3D7E-4350-BA18-90E5A7E5C993}.Debug|Any CPU.Build.0 = Debug|Any CPU
		{C8E004F6-3D7E-4350-BA18-90E5A7E5C993}.Release|Any CPU.ActiveCfg = Release|Any CPU
		{C8E004F6-3D7E-4350-BA18-90E5A7E5C993}.Release|Any CPU.Build.0 = Release|Any CPU
		{34C5C846-F7A0-4EBF-8257-A17838593BE1}.Debug|Any CPU.ActiveCfg = Debug|Any CPU
		{34C5C846-F7A0-4EBF-8257-A17838593BE1}.Debug|Any CPU.Build.0 = Debug|Any CPU
		{34C5C846-F7A0-4EBF-8257-A17838593BE1}.Release|Any CPU.ActiveCfg = Release|Any CPU
		{34C5C846-F7A0-4EBF-8257-A17838593BE1}.Release|Any CPU.Build.0 = Release|Any CPU
		{4AD0CB36-F9A8-4463-BBCA-F4CBA25DABAA}.Debug|Any CPU.ActiveCfg = Debug|Any CPU
		{4AD0CB36-F9A8-4463-BBCA-F4CBA25DABAA}.Debug|Any CPU.Build.0 = Debug|Any CPU
		{4AD0CB36-F9A8-4463-BBCA-F4CBA25DABAA}.Release|Any CPU.ActiveCfg = Release|Any CPU
		{4AD0CB36-F9A8-4463-BBCA-F4CBA25DABAA}.Release|Any CPU.Build.0 = Release|Any CPU
		{AA6230DA-CA24-4CDE-B44E-05D8D847A162}.Debug|Any CPU.ActiveCfg = Debug|Any CPU
		{AA6230DA-CA24-4CDE-B44E-05D8D847A162}.Debug|Any CPU.Build.0 = Debug|Any CPU
		{AA6230DA-CA24-4CDE-B44E-05D8D847A162}.Release|Any CPU.ActiveCfg = Release|Any CPU
		{AA6230DA-CA24-4CDE-B44E-05D8D847A162}.Release|Any CPU.Build.0 = Release|Any CPU
		{9C35D361-3636-4AAF-952F-5991A669275A}.Debug|Any CPU.ActiveCfg = Debug|Any CPU
		{9C35D361-3636-4AAF-952F-5991A669275A}.Debug|Any CPU.Build.0 = Debug|Any CPU
		{9C35D361-3636-4AAF-952F-5991A669275A}.Release|Any CPU.ActiveCfg = Release|Any CPU
		{9C35D361-3636-4AAF-952F-5991A669275A}.Release|Any CPU.Build.0 = Release|Any CPU
	EndGlobalSection
	GlobalSection(SolutionProperties) = preSolution
		HideSolutionNode = FALSE
	EndGlobalSection
	GlobalSection(NestedProjects) = preSolution
		{2BF518A6-58FD-4C75-A8FC-ADE30A7CA47E} = {345E7251-56AC-44A0-9B7D-EFAC97388BA8}
		{C8E004F6-3D7E-4350-BA18-90E5A7E5C993} = {9BFE9EAB-71A1-46D1-A7E5-1BECB850B1B3}
		{13BBDCAC-6536-4DEC-94F0-167D389429D9} = {9BFE9EAB-71A1-46D1-A7E5-1BECB850B1B3}
		{34C5C846-F7A0-4EBF-8257-A17838593BE1} = {13BBDCAC-6536-4DEC-94F0-167D389429D9}
		{32F6C6BC-8BD6-4EF3-9BE1-8DCB65FB2432} = {9BFE9EAB-71A1-46D1-A7E5-1BECB850B1B3}
		{4AD0CB36-F9A8-4463-BBCA-F4CBA25DABAA} = {9BFE9EAB-71A1-46D1-A7E5-1BECB850B1B3}
		{AA6230DA-CA24-4CDE-B44E-05D8D847A162} = {9BFE9EAB-71A1-46D1-A7E5-1BECB850B1B3}
		{9C35D361-3636-4AAF-952F-5991A669275A} = {32F6C6BC-8BD6-4EF3-9BE1-8DCB65FB2432}
	EndGlobalSection
	GlobalSection(ExtensibilityGlobals) = postSolution
		SolutionGuid = {B9F23B19-1D30-4AFB-A21F-CCEC4588A026}
	EndGlobalSection
EndGlobal
